
Microsoft Visual Studio Solution File, Format Version 12.00
# Visual Studio Version 17
VisualStudioVersion = 17.5.33516.290
MinimumVisualStudioVersion = 10.0.40219.1
Project("{FAE04EC0-301F-11D3-BF4B-00C04F79EFBC}") = "Laba2", "Laba2.csproj", "{5D48960C-63D2-4405-9CAA-57A19D28D9B8}"
EndProject
Global
	GlobalSection(SolutionConfigurationPlatforms) = preSolution
		Debug|Any CPU = Debug|Any CPU
		Release|Any CPU = Release|Any CPU
	EndGlobalSection
	GlobalSection(ProjectConfigurationPlatforms) = postSolution
		{5D48960C-63D2-4405-9CAA-57A19D28D9B8}.Debug|Any CPU.ActiveCfg = Debug|Any CPU
		{5D48960C-63D2-4405-9CAA-57A19D28D9B8}.Debug|Any CPU.Build.0 = Debug|Any CPU
		{5D48960C-63D2-4405-9CAA-57A19D28D9B8}.Release|Any CPU.ActiveCfg = Release|Any CPU
		{5D48960C-63D2-4405-9CAA-57A19D28D9B8}.Release|Any CPU.Build.0 = Release|Any CPU
	EndGlobalSection
	GlobalSection(SolutionProperties) = preSolution
		HideSolutionNode = FALSE
	EndGlobalSection
	GlobalSection(ExtensibilityGlobals) = postSolution
		SolutionGuid = {F0F72349-470F-45AC-83FE-D6FBC40DE5F6}
	EndGlobalSection
EndGlobal
